
Microsoft Visual Studio Solution File, Format Version 12.00
# Visual Studio Version 17
VisualStudioVersion = 17.9.34616.47
MinimumVisualStudioVersion = 10.0.40219.1
Project("{FAE04EC0-301F-11D3-BF4B-00C04F79EFBC}") = "MvcBudgeting", "MvcBudgeting\MvcBudgeting.csproj", "{4E567363-1FDA-4F33-BF17-51E13FBEAC9F}"
EndProject
Global
	GlobalSection(SolutionConfigurationPlatforms) = preSolution
		Debug|Any CPU = Debug|Any CPU
		Release|Any CPU = Release|Any CPU
	EndGlobalSection
	GlobalSection(ProjectConfigurationPlatforms) = postSolution
		{4E567363-1FDA-4F33-BF17-51E13FBEAC9F}.Debug|Any CPU.ActiveCfg = Debug|Any CPU
		{4E567363-1FDA-4F33-BF17-51E13FBEAC9F}.Debug|Any CPU.Build.0 = Debug|Any CPU
		{4E567363-1FDA-4F33-BF17-51E13FBEAC9F}.Release|Any CPU.ActiveCfg = Release|Any CPU
		{4E567363-1FDA-4F33-BF17-51E13FBEAC9F}.Release|Any CPU.Build.0 = Release|Any CPU
	EndGlobalSection
	GlobalSection(SolutionProperties) = preSolution
		HideSolutionNode = FALSE
	EndGlobalSection
	GlobalSection(ExtensibilityGlobals) = postSolution
		SolutionGuid = {8E0C9523-D774-4DB2-BB10-24FD43600ECB}
	EndGlobalSection
EndGlobal
